
Microsoft Visual Studio Solution File, Format Version 12.00
# Visual Studio Version 17
VisualStudioVersion = 17.11.35327.3
MinimumVisualStudioVersion = 10.0.40219.1
Project("{FAE04EC0-301F-11D3-BF4B-00C04F79EFBC}") = "Outlook Contact Plugin", "Outlook Contact Plugin.csproj", "{4782897D-4BBE-4395-AB23-34679BD36593}"
EndProject
Global
	GlobalSection(SolutionConfigurationPlatforms) = preSolution
		Debug|Any CPU = Debug|Any CPU
		Release|Any CPU = Release|Any CPU
	EndGlobalSection
	GlobalSection(ProjectConfigurationPlatforms) = postSolution
		{4782897D-4BBE-4395-AB23-34679BD36593}.Debug|Any CPU.ActiveCfg = Debug|Any CPU
		{4782897D-4BBE-4395-AB23-34679BD36593}.Debug|Any CPU.Build.0 = Debug|Any CPU
		{4782897D-4BBE-4395-AB23-34679BD36593}.Release|Any CPU.ActiveCfg = Release|Any CPU
		{4782897D-4BBE-4395-AB23-34679BD36593}.Release|Any CPU.Build.0 = Release|Any CPU
	EndGlobalSection
	GlobalSection(SolutionProperties) = preSolution
		HideSolutionNode = FALSE
	EndGlobalSection
	GlobalSection(ExtensibilityGlobals) = postSolution
		SolutionGuid = {57323934-5C53-47AE-A571-F8B8226D262D}
	EndGlobalSection
EndGlobal
